{
  "nodes": {
    "nixos-hardware": {
      "locked": {
        "lastModified": 1734954597,
        "narHash": "sha256-QIhd8/0x30gEv8XEE1iAnrdMlKuQ0EzthfDR7Hwl+fk=",
        "owner": "nixos",
        "repo": "nixos-hardware",
        "rev": "def1d472c832d77885f174089b0d34854b007198",
        "type": "github"
      },
      "original": {
        "owner": "nixos",
        "repo": "nixos-hardware",
        "type": "github"
      }
    },
    "nixpkgs": {
      "locked": {
        "lastModified": 1734991663,
        "narHash": "sha256-8T660guvdaOD+2/Cj970bWlQwAyZLKrrbkhYOFcY1YE=",
        "owner": "nixos",
        "repo": "nixpkgs",
        "rev": "6c90912761c43e22b6fb000025ab96dd31c971ff",
        "type": "github"
      },
      "original": {
        "owner": "nixos",
        "ref": "nixos-24.11",
        "repo": "nixpkgs",
        "type": "github"
      }
    },
    "ozzie-lab": {
      "inputs": {
        "nixpkgs": [
          "nixpkgs"
        ]
      },
      "locked": {
        "lastModified": 1735949022,
        "narHash": "sha256-MorTnNPlMcfCwbHK+mRy9s1tqdJZLpm9je4uIfvuhpo=",
        "ref": "refs/heads/main",
        "rev": "8bd2ac3c3d7c5916a59ba60133c4c9636a616071",
        "revCount": 19,
        "type": "git",
        "url": "ssh://git/ozzie/nixos-lab.git"
      },
      "original": {
        "type": "git",
        "url": "ssh://git/ozzie/nixos-lab.git"
      }
    },
    "ozzie-secrets": {
      "inputs": {
        "nixpkgs": [
          "nixpkgs"
        ]
      },
      "locked": {
        "lastModified": 1735292232,
        "narHash": "sha256-U7lCX+1oTsmJlHWyrnUyCAHuz7AHKDM5RT/BWegoAWs=",
        "ref": "refs/heads/main",
        "rev": "50bcf7fbbce4d63f8f61b79bce3412b778709be4",
        "revCount": 5,
        "type": "git",
        "url": "ssh://git/ozzie/nixos-secrets.git"
      },
      "original": {
        "type": "git",
        "url": "ssh://git/ozzie/nixos-secrets.git"
      }
    },
    "ozzie-workstation": {
      "inputs": {
        "nixpkgs": [
          "nixpkgs"
        ]
      },
      "locked": {
        "lastModified": 1735300483,
        "narHash": "sha256-DRGiK43/1oRri+502d0GZW69Nj1eALRXZwIGpoeyBWQ=",
        "ref": "refs/heads/main",
        "rev": "ec3041ad5f263fb9f3c477461dba349a1fb74cac",
        "revCount": 6,
        "type": "git",
        "url": "ssh://git/ozzie/nix-workstation.git"
      },
      "original": {
        "type": "git",
        "url": "ssh://git/ozzie/nix-workstation.git"
      }
    },
    "root": {
      "inputs": {
        "nixos-hardware": "nixos-hardware",
        "nixpkgs": "nixpkgs",
        "ozzie-lab": "ozzie-lab",
        "ozzie-secrets": "ozzie-secrets",
        "ozzie-workstation": "ozzie-workstation"
      }
    }
  },
  "root": "root",
  "version": 7
}
