{
  "nodes": {
    "nixos-hardware": {
      "locked": {
        "lastModified": 1734954597,
        "narHash": "sha256-QIhd8/0x30gEv8XEE1iAnrdMlKuQ0EzthfDR7Hwl+fk=",
        "owner": "nixos",
        "repo": "nixos-hardware",
        "rev": "def1d472c832d77885f174089b0d34854b007198",
        "type": "github"
      },
      "original": {
        "owner": "nixos",
        "repo": "nixos-hardware",
        "type": "github"
      }
    },
    "nixpkgs": {
      "locked": {
        "lastModified": 1734991663,
        "narHash": "sha256-8T660guvdaOD+2/Cj970bWlQwAyZLKrrbkhYOFcY1YE=",
        "owner": "nixos",
        "repo": "nixpkgs",
        "rev": "6c90912761c43e22b6fb000025ab96dd31c971ff",
        "type": "github"
      },
      "original": {
        "owner": "nixos",
        "ref": "nixos-24.11",
        "repo": "nixpkgs",
        "type": "github"
      }
    },
    "ozzie-lab": {
      "inputs": {
        "nixpkgs": [
          "nixpkgs"
        ]
      },
      "locked": {
        "lastModified": 1735189875,
        "narHash": "sha256-hFi7ADegdbe636bUad+yOU8MnBYXjfQNAh4CdZVbTfo=",
        "ref": "refs/heads/main",
        "rev": "d6bec0432f3d8e4265eafaff747743e39a6dae4c",
        "revCount": 15,
        "type": "git",
        "url": "ssh://git/ozzie/nixos-lab.git"
      },
      "original": {
        "type": "git",
        "url": "ssh://git/ozzie/nixos-lab.git"
      }
    },
    "ozzie-secrets": {
      "inputs": {
        "nixpkgs": [
          "nixpkgs"
        ]
      },
      "locked": {
        "lastModified": 1735189875,
        "narHash": "sha256-ucD9ldkk0PSMza1FIlcCQnXy1tl6C6y+LCnxU81Ga4g=",
        "ref": "refs/heads/main",
        "rev": "0e93dc720f4ea462693e8bacfd08bf64719ff0c0",
        "revCount": 4,
        "type": "git",
        "url": "ssh://git/ozzie/nixos-secrets.git"
      },
      "original": {
        "type": "git",
        "url": "ssh://git/ozzie/nixos-secrets.git"
      }
    },
    "ozzie-workstation": {
      "inputs": {
        "nixpkgs": [
          "nixpkgs"
        ]
      },
      "locked": {
        "lastModified": 1735189875,
        "narHash": "sha256-lvUp1apaLOs4G2PShJYJZWKDPNow+iuWAmkCZ2cKkDk=",
        "ref": "refs/heads/main",
        "rev": "73021b17c9ac55a159a3c778b95771d98e9cbec0",
        "revCount": 4,
        "type": "git",
        "url": "ssh://git/ozzie/nix-workstation.git"
      },
      "original": {
        "type": "git",
        "url": "ssh://git/ozzie/nix-workstation.git"
      }
    },
    "root": {
      "inputs": {
        "nixos-hardware": "nixos-hardware",
        "nixpkgs": "nixpkgs",
        "ozzie-lab": "ozzie-lab",
        "ozzie-secrets": "ozzie-secrets",
        "ozzie-workstation": "ozzie-workstation"
      }
    }
  },
  "root": "root",
  "version": 7
}
